
Microsoft Visual Studio Solution File, Format Version 12.00
# Visual Studio 15
Project("{FAE04EC0-301F-11D3-BF4B-00C04F79EFBC}") = "Assembly-CSharp", "Assembly-CSharp.csproj", "{B382980A-7526-B571-B16D-28BF7E02F34B}"
EndProject
Global
	GlobalSection(SolutionConfigurationPlatforms) = preSolution
		Debug|Any CPU = Debug|Any CPU
		Release|Any CPU = Release|Any CPU
	EndGlobalSection
	GlobalSection(ProjectConfigurationPlatforms) = postSolution
		{B382980A-7526-B571-B16D-28BF7E02F34B}.Debug|Any CPU.ActiveCfg = Debug|Any CPU
		{B382980A-7526-B571-B16D-28BF7E02F34B}.Debug|Any CPU.Build.0 = Debug|Any CPU
		{B382980A-7526-B571-B16D-28BF7E02F34B}.Release|Any CPU.ActiveCfg = Release|Any CPU
		{B382980A-7526-B571-B16D-28BF7E02F34B}.Release|Any CPU.Build.0 = Release|Any CPU
	EndGlobalSection
	GlobalSection(SolutionProperties) = preSolution
		HideSolutionNode = FALSE
	EndGlobalSection
EndGlobal
